{
  "name": "introduccion-nft",
  "version": "1.0.0",
  "lockfileVersion": 2,
  "requires": true,
  "packages": {
    "": {
      "name": "introduccion-nft",
      "version": "1.0.0",
      "license": "ISC",
      "dependencies": {
        "stellar-sdk": "^10.1.2"
      },
      "devDependencies": {
        "esbuild": "^0.14.43"
      },
      "engines": {
        "node": "16"
      }
    },
    "node_modules/@types/eventsource": {
      "version": "1.1.8",
      "resolved": "https://registry.npmjs.org/@types/eventsource/-/eventsource-1.1.8.tgz",
      "integrity": "sha512-fJQNt9LijJCZwYvM6O30uLzdpAK9zs52Uc9iUW9M2Zsg0HQM6DLf6QysjC/wuFX+0798B8AppVMvgdO6IftPKQ=="
    },
    "node_modules/@types/node": {
      "version": "17.0.41",
      "resolved": "https://registry.npmjs.org/@types/node/-/node-17.0.41.tgz",
      "integrity": "sha512-xA6drNNeqb5YyV5fO3OAEsnXLfO7uF0whiOfPTz5AeDo8KeZFmODKnvwPymMNO8qE/an8pVY/O50tig2SQCrGw=="
    },
    "node_modules/@types/randombytes": {
      "version": "2.0.0",
      "resolved": "https://registry.npmjs.org/@types/randombytes/-/randombytes-2.0.0.tgz",
      "integrity": "sha512-bz8PhAVlwN72vqefzxa14DKNT8jK/mV66CSjwdVQM/k3Th3EPKfUtdMniwZgMedQTFuywAsfjnZsg+pEnltaMA==",
      "dependencies": {
        "@types/node": "*"
      }
    },
    "node_modules/@types/urijs": {
      "version": "1.19.19",
      "resolved": "https://registry.npmjs.org/@types/urijs/-/urijs-1.19.19.tgz",
      "integrity": "sha512-FDJNkyhmKLw7uEvTxx5tSXfPeQpO0iy73Ry+PmYZJvQy0QIWX8a7kJ4kLWRf+EbTPJEPDSgPXHaM7pzr5lmvCg=="
    },
    "node_modules/axios": {
      "version": "0.25.0",
      "resolved": "https://registry.npmjs.org/axios/-/axios-0.25.0.tgz",
      "integrity": "sha512-cD8FOb0tRH3uuEe6+evtAbgJtfxr7ly3fQjYcMcuPlgkwVS9xboaVIpcDV+cYQe+yGykgwZCs1pzjntcGa6l5g==",
      "dependencies": {
        "follow-redirects": "^1.14.7"
      }
    },
    "node_modules/base32.js": {
      "version": "0.1.0",
      "resolved": "https://registry.npmjs.org/base32.js/-/base32.js-0.1.0.tgz",
      "integrity": "sha512-n3TkB02ixgBOhTvANakDb4xaMXnYUVkNoRFJjQflcqMQhyEKxEHdj3E6N8t8sUQ0mjH/3/JxzlXuz3ul/J90pQ==",
      "engines": {
        "node": ">=0.12.0"
      }
    },
    "node_modules/base64-js": {
      "version": "1.5.1",
      "resolved": "https://registry.npmjs.org/base64-js/-/base64-js-1.5.1.tgz",
      "integrity": "sha512-AKpaYlHn8t4SVbOHCy+b5+KKgvR4vrsD8vbvrbiQJps7fKDTkjkDry6ji0rUJjC0kzbNePLwzxq8iypo41qeWA==",
      "funding": [
        {
          "type": "github",
          "url": "https://github.com/sponsors/feross"
        },
        {
          "type": "patreon",
          "url": "https://www.patreon.com/feross"
        },
        {
          "type": "consulting",
          "url": "https://feross.org/support"
        }
      ]
    },
    "node_modules/bignumber.js": {
      "version": "4.1.0",
      "resolved": "https://registry.npmjs.org/bignumber.js/-/bignumber.js-4.1.0.tgz",
      "integrity": "sha512-eJzYkFYy9L4JzXsbymsFn3p54D+llV27oTQ+ziJG7WFRheJcNZilgVXMG0LoZtlQSKBsJdWtLFqOD0u+U0jZKA==",
      "engines": {
        "node": "*"
      }
    },
    "node_modules/crc": {
      "version": "3.8.0",
      "resolved": "https://registry.npmjs.org/crc/-/crc-3.8.0.tgz",
      "integrity": "sha512-iX3mfgcTMIq3ZKLIsVFAbv7+Mc10kxabAGQb8HvjA1o3T1PIYprbakQ65d3I+2HGHt6nSKkM9PYjgoJO2KcFBQ==",
      "dependencies": {
        "buffer": "^5.1.0"
      }
    },
    "node_modules/crc/node_modules/buffer": {
      "version": "5.7.1",
      "resolved": "https://registry.npmjs.org/buffer/-/buffer-5.7.1.tgz",
      "integrity": "sha512-EHcyIPBQ4BSGlvjB16k5KgAJ27CIsHY/2JBmCRReo48y9rQ3MaUzWX3KVlBa4U7MyX02HdVj0K7C3WaB3ju7FQ==",
      "funding": [
        {
          "type": "github",
          "url": "https://github.com/sponsors/feross"
        },
        {
          "type": "patreon",
          "url": "https://www.patreon.com/feross"
        },
        {
          "type": "consulting",
          "url": "https://feross.org/support"
        }
      ],
      "dependencies": {
        "base64-js": "^1.3.1",
        "ieee754": "^1.1.13"
      }
    },
    "node_modules/detect-node": {
      "version": "2.1.0",
      "resolved": "https://registry.npmjs.org/detect-node/-/detect-node-2.1.0.tgz",
      "integrity": "sha512-T0NIuQpnTvFDATNuHN5roPwSBG83rFsuO+MXXH9/3N1eFbn4wcPjttvjMLEPWJ0RGUYgQE7cGgS3tNxbqCGM7g=="
    },
    "node_modules/es6-promise": {
      "version": "4.2.8",
      "resolved": "https://registry.npmjs.org/es6-promise/-/es6-promise-4.2.8.tgz",
      "integrity": "sha512-HJDGx5daxeIvxdBxvG2cb9g4tEvwIk3i8+nhX0yGrYmZUzbkdg8QbDevheDB8gd0//uPj4c1EQua8Q+MViT0/w=="
    },
    "node_modules/esbuild": {
      "version": "0.14.43",
      "resolved": "https://registry.npmjs.org/esbuild/-/esbuild-0.14.43.tgz",
      "integrity": "sha512-Uf94+kQmy/5jsFwKWiQB4hfo/RkM9Dh7b79p8yqd1tshULdr25G2szLz631NoH3s2ujnKEKVD16RmOxvCNKRFA==",
      "dev": true,
      "hasInstallScript": true,
      "bin": {
        "esbuild": "bin/esbuild"
      },
      "engines": {
        "node": ">=12"
      },
      "optionalDependencies": {
        "esbuild-android-64": "0.14.43",
        "esbuild-android-arm64": "0.14.43",
        "esbuild-darwin-64": "0.14.43",
        "esbuild-darwin-arm64": "0.14.43",
        "esbuild-freebsd-64": "0.14.43",
        "esbuild-freebsd-arm64": "0.14.43",
        "esbuild-linux-32": "0.14.43",
        "esbuild-linux-64": "0.14.43",
        "esbuild-linux-arm": "0.14.43",
        "esbuild-linux-arm64": "0.14.43",
        "esbuild-linux-mips64le": "0.14.43",
        "esbuild-linux-ppc64le": "0.14.43",
        "esbuild-linux-riscv64": "0.14.43",
        "esbuild-linux-s390x": "0.14.43",
        "esbuild-netbsd-64": "0.14.43",
        "esbuild-openbsd-64": "0.14.43",
        "esbuild-sunos-64": "0.14.43",
        "esbuild-windows-32": "0.14.43",
        "esbuild-windows-64": "0.14.43",
        "esbuild-windows-arm64": "0.14.43"
      }
    },
    "node_modules/esbuild-android-64": {
      "version": "0.14.43",
      "resolved": "https://registry.npmjs.org/esbuild-android-64/-/esbuild-android-64-0.14.43.tgz",
      "integrity": "sha512-kqFXAS72K6cNrB6RiM7YJ5lNvmWRDSlpi7ZuRZ1hu1S3w0zlwcoCxWAyM23LQUyZSs1PbjHgdbbfYAN8IGh6xg==",
      "cpu": [
        "x64"
      ],
      "dev": true,
      "optional": true,
      "os": [
        "android"
      ],
      "engines": {
        "node": ">=12"
      }
    },
    "node_modules/esbuild-android-arm64": {
      "version": "0.14.43",
      "resolved": "https://registry.npmjs.org/esbuild-android-arm64/-/esbuild-android-arm64-0.14.43.tgz",
      "integrity": "sha512-bKS2BBFh+7XZY9rpjiHGRNA7LvWYbZWP87pLehggTG7tTaCDvj8qQGOU/OZSjCSKDYbgY7Q+oDw8RlYQ2Jt2BA==",
      "cpu": [
        "arm64"
      ],
      "dev": true,
      "optional": true,
      "os": [
        "android"
      ],
      "engines": {
        "node": ">=12"
      }
    },
    "node_modules/esbuild-darwin-64": {
      "version": "0.14.43",
      "resolved": "https://registry.npmjs.org/esbuild-darwin-64/-/esbuild-darwin-64-0.14.43.tgz",
      "integrity": "sha512-/3PSilx011ttoieRGkSZ0XV8zjBf2C9enV4ScMMbCT4dpx0mFhMOpFnCHkOK0pWGB8LklykFyHrWk2z6DENVUg==",
      "cpu": [
        "x64"
      ],
      "dev": true,
      "optional": true,
      "os": [
        "darwin"
      ],
      "engines": {
        "node": ">=12"
      }
    },
    "node_modules/esbuild-darwin-arm64": {
      "version": "0.14.43",
      "resolved": "https://registry.npmjs.org/esbuild-darwin-arm64/-/esbuild-darwin-arm64-0.14.43.tgz",
      "integrity": "sha512-1HyFUKs8DMCBOvw1Qxpr5Vv/ThNcVIFb5xgXWK3pyT40WPvgYIiRTwJCvNs4l8i5qWF8/CK5bQxJVDjQvtv0Yw==",
      "cpu": [
        "arm64"
      ],
      "dev": true,
      "optional": true,
      "os": [
        "darwin"
      ],
      "engines": {
        "node": ">=12"
      }
    },
    "node_modules/esbuild-freebsd-64": {
      "version": "0.14.43",
      "resolved": "https://registry.npmjs.org/esbuild-freebsd-64/-/esbuild-freebsd-64-0.14.43.tgz",
      "integrity": "sha512-FNWc05TPHYgaXjbPZO5/rJKSBslfG6BeMSs8GhwnqAKP56eEhvmzwnIz1QcC9cRVyO+IKqWNfmHFkCa1WJTULA==",
      "cpu": [
        "x64"
      ],
      "dev": true,
      "optional": true,
      "os": [
        "freebsd"
      ],
      "engines": {
        "node": ">=12"
      }
    },
    "node_modules/esbuild-freebsd-arm64": {
      "version": "0.14.43",
      "resolved": "https://registry.npmjs.org/esbuild-freebsd-arm64/-/esbuild-freebsd-arm64-0.14.43.tgz",
      "integrity": "sha512-amrYopclz3VohqisOPR6hA3GOWA3LZC1WDLnp21RhNmoERmJ/vLnOpnrG2P/Zao+/erKTCUqmrCIPVtj58DRoA==",
      "cpu": [
        "arm64"
      ],
      "dev": true,
      "optional": true,
      "os": [
        "freebsd"
      ],
      "engines": {
        "node": ">=12"
      }
    },
    "node_modules/esbuild-linux-32": {
      "version": "0.14.43",
      "resolved": "https://registry.npmjs.org/esbuild-linux-32/-/esbuild-linux-32-0.14.43.tgz",
      "integrity": "sha512-KoxoEra+9O3AKVvgDFvDkiuddCds6q71owSQEYwjtqRV7RwbPzKxJa6+uyzUulHcyGVq0g15K0oKG5CFBcvYDw==",
      "cpu": [
        "ia32"
      ],
      "dev": true,
      "optional": true,
      "os": [
        "linux"
      ],
      "engines": {
        "node": ">=12"
      }
    },
    "node_modules/esbuild-linux-64": {
      "version": "0.14.43",
      "resolved": "https://registry.npmjs.org/esbuild-linux-64/-/esbuild-linux-64-0.14.43.tgz",
      "integrity": "sha512-EwINwGMyiJMgBby5/SbMqKcUhS5AYAZ2CpEBzSowsJPNBJEdhkCTtEjk757TN/wxgbu3QklqDM6KghY660QCUw==",
      "cpu": [
        "x64"
      ],
      "dev": true,
      "optional": true,
      "os": [
        "linux"
      ],
      "engines": {
        "node": ">=12"
      }
    },
    "node_modules/esbuild-linux-arm": {
      "version": "0.14.43",
      "resolved": "https://registry.npmjs.org/esbuild-linux-arm/-/esbuild-linux-arm-0.14.43.tgz",
      "integrity": "sha512-e6YzQUoDxxtyamuF12eVzzRC7bbEFSZohJ6igQB9tBqnNmIQY3fI6Cns3z2wxtbZ3f2o6idkD2fQnlvs2902Dg==",
      "cpu": [
        "arm"
      ],
      "dev": true,
      "optional": true,
      "os": [
        "linux"
      ],
      "engines": {
        "node": ">=12"
      }
    },
    "node_modules/esbuild-linux-arm64": {
      "version": "0.14.43",
      "resolved": "https://registry.npmjs.org/esbuild-linux-arm64/-/esbuild-linux-arm64-0.14.43.tgz",
      "integrity": "sha512-UlSpjMWllAc70zYbHxWuDS3FJytyuR/gHJYBr8BICcTNb/TSOYVBg6U7b3jZ3mILTrgzwJUHwhEwK18FZDouUQ==",
      "cpu": [
        "arm64"
      ],
      "dev": true,
      "optional": true,
      "os": [
        "linux"
      ],
      "engines": {
        "node": ">=12"
      }
    },
    "node_modules/esbuild-linux-mips64le": {
      "version": "0.14.43",
      "resolved": "https://registry.npmjs.org/esbuild-linux-mips64le/-/esbuild-linux-mips64le-0.14.43.tgz",
      "integrity": "sha512-f+v8cInPEL1/SDP//CfSYzcDNgE4CY3xgDV81DWm3KAPWzhvxARrKxB1Pstf5mB56yAslJDxu7ryBUPX207EZA==",
      "cpu": [
        "mips64el"
      ],
      "dev": true,
      "optional": true,
      "os": [
        "linux"
      ],
      "engines": {
        "node": ">=12"
      }
    },
    "node_modules/esbuild-linux-ppc64le": {
      "version": "0.14.43",
      "resolved": "https://registry.npmjs.org/esbuild-linux-ppc64le/-/esbuild-linux-ppc64le-0.14.43.tgz",
      "integrity": "sha512-5wZYMDGAL/K2pqkdIsW+I4IR41kyfHr/QshJcNpUfK3RjB3VQcPWOaZmc+74rm4ZjVirYrtz+jWw0SgxtxRanA==",
      "cpu": [
        "ppc64"
      ],
      "dev": true,
      "optional": true,
      "os": [
        "linux"
      ],
      "engines": {
        "node": ">=12"
      }
    },
    "node_modules/esbuild-linux-riscv64": {
      "version": "0.14.43",
      "resolved": "https://registry.npmjs.org/esbuild-linux-riscv64/-/esbuild-linux-riscv64-0.14.43.tgz",
      "integrity": "sha512-lYcAOUxp85hC7lSjycJUVSmj4/9oEfSyXjb/ua9bNl8afonaduuqtw7hvKMoKuYnVwOCDw4RSfKpcnIRDWq+Bw==",
      "cpu": [
        "riscv64"
      ],
      "dev": true,
      "optional": true,
      "os": [
        "linux"
      ],
      "engines": {
        "node": ">=12"
      }
    },
    "node_modules/esbuild-linux-s390x": {
      "version": "0.14.43",
      "resolved": "https://registry.npmjs.org/esbuild-linux-s390x/-/esbuild-linux-s390x-0.14.43.tgz",
      "integrity": "sha512-27e43ZhHvhFE4nM7HqtUbMRu37I/4eNSUbb8FGZWszV+uLzMIsHDwLoBiJmw7G9N+hrehNPeQ4F5Ujad0DrUKQ==",
      "cpu": [
        "s390x"
      ],
      "dev": true,
      "optional": true,
      "os": [
        "linux"
      ],
      "engines": {
        "node": ">=12"
      }
    },
    "node_modules/esbuild-netbsd-64": {
      "version": "0.14.43",
      "resolved": "https://registry.npmjs.org/esbuild-netbsd-64/-/esbuild-netbsd-64-0.14.43.tgz",
      "integrity": "sha512-2mH4QF6hHBn5zzAfxEI/2eBC0mspVsZ6UVo821LpAJKMvLJPBk3XJO5xwg7paDqSqpl7p6IRrAenW999AEfJhQ==",
      "cpu": [
        "x64"
      ],
      "dev": true,
      "optional": true,
      "os": [
        "netbsd"
      ],
      "engines": {
        "node": ">=12"
      }
    },
    "node_modules/esbuild-openbsd-64": {
      "version": "0.14.43",
      "resolved": "https://registry.npmjs.org/esbuild-openbsd-64/-/esbuild-openbsd-64-0.14.43.tgz",
      "integrity": "sha512-ZhQpiZjvqCqO8jKdGp9+8k9E/EHSA+zIWOg+grwZasI9RoblqJ1QiZqqi7jfd6ZrrG1UFBNGe4m0NFxCFbMVbg==",
      "cpu": [
        "x64"
      ],
      "dev": true,
      "optional": true,
      "os": [
        "openbsd"
      ],
      "engines": {
        "node": ">=12"
      }
    },
    "node_modules/esbuild-sunos-64": {
      "version": "0.14.43",
      "resolved": "https://registry.npmjs.org/esbuild-sunos-64/-/esbuild-sunos-64-0.14.43.tgz",
      "integrity": "sha512-DgxSi9DaHReL9gYuul2rrQCAapgnCJkh3LSHPKsY26zytYppG0HgkgVF80zjIlvEsUbGBP/GHQzBtrezj/Zq1Q==",
      "cpu": [
        "x64"
      ],
      "dev": true,
      "optional": true,
      "os": [
        "sunos"
      ],
      "engines": {
        "node": ">=12"
      }
    },
    "node_modules/esbuild-windows-32": {
      "version": "0.14.43",
      "resolved": "https://registry.npmjs.org/esbuild-windows-32/-/esbuild-windows-32-0.14.43.tgz",
      "integrity": "sha512-Ih3+2O5oExiqm0mY6YYE5dR0o8+AspccQ3vIAtRodwFvhuyGLjb0Hbmzun/F3Lw19nuhPMu3sW2fqIJ5xBxByw==",
      "cpu": [
        "ia32"
      ],
      "dev": true,
      "optional": true,
      "os": [
        "win32"
      ],
      "engines": {
        "node": ">=12"
      }
    },
    "node_modules/esbuild-windows-64": {
      "version": "0.14.43",
      "resolved": "https://registry.npmjs.org/esbuild-windows-64/-/esbuild-windows-64-0.14.43.tgz",
      "integrity": "sha512-8NsuNfI8xwFuJbrCuI+aBqNTYkrWErejFO5aYM+yHqyHuL8mmepLS9EPzAzk8rvfaJrhN0+RvKWAcymViHOKEw==",
      "cpu": [
        "x64"
      ],
      "dev": true,
      "optional": true,
      "os": [
        "win32"
      ],
      "engines": {
        "node": ">=12"
      }
    },
    "node_modules/esbuild-windows-arm64": {
      "version": "0.14.43",
      "resolved": "https://registry.npmjs.org/esbuild-windows-arm64/-/esbuild-windows-arm64-0.14.43.tgz",
      "integrity": "sha512-7ZlD7bo++kVRblJEoG+cepljkfP8bfuTPz5fIXzptwnPaFwGS6ahvfoYzY7WCf5v/1nX2X02HDraVItTgbHnKw==",
      "cpu": [
        "arm64"
      ],
      "dev": true,
      "optional": true,
      "os": [
        "win32"
      ],
      "engines": {
        "node": ">=12"
      }
    },
    "node_modules/eventsource": {
      "version": "1.1.2",
      "resolved": "https://registry.npmjs.org/eventsource/-/eventsource-1.1.2.tgz",
      "integrity": "sha512-xAH3zWhgO2/3KIniEKYPr8plNSzlGINOUqYj0m0u7AB81iRw8b/3E73W6AuU+6klLbaSFmZnaETQ2lXPfAydrA==",
      "engines": {
        "node": ">=0.12.0"
      }
    },
    "node_modules/follow-redirects": {
      "version": "1.15.1",
      "resolved": "https://registry.npmjs.org/follow-redirects/-/follow-redirects-1.15.1.tgz",
      "integrity": "sha512-yLAMQs+k0b2m7cVxpS1VKJVvoz7SS9Td1zss3XRwXj+ZDH00RJgnuLx7E44wx02kQLrdM3aOOy+FpzS7+8OizA==",
      "funding": [
        {
          "type": "individual",
          "url": "https://github.com/sponsors/RubenVerborgh"
        }
      ],
      "engines": {
        "node": ">=4.0"
      },
      "peerDependenciesMeta": {
        "debug": {
          "optional": true
        }
      }
    },
    "node_modules/ieee754": {
      "version": "1.2.1",
      "resolved": "https://registry.npmjs.org/ieee754/-/ieee754-1.2.1.tgz",
      "integrity": "sha512-dcyqhDvX1C46lXZcVqCpK+FtMRQVdIMN6/Df5js2zouUsqG7I6sFxitIC+7KYK29KdXOLHdu9zL4sFnoVQnqaA==",
      "funding": [
        {
          "type": "github",
          "url": "https://github.com/sponsors/feross"
        },
        {
          "type": "patreon",
          "url": "https://www.patreon.com/feross"
        },
        {
          "type": "consulting",
          "url": "https://feross.org/support"
        }
      ]
    },
    "node_modules/inherits": {
      "version": "2.0.4",
      "resolved": "https://registry.npmjs.org/inherits/-/inherits-2.0.4.tgz",
      "integrity": "sha512-k/vGaX4/Yla3WzyMCvTQOXYeIHvqOKtnqBduzTHpzpQZzAskKMhZ2K+EnBiSM9zGSoIFeMpXKxa4dYeZIQqewQ=="
    },
    "node_modules/js-xdr": {
      "version": "1.3.0",
      "resolved": "https://registry.npmjs.org/js-xdr/-/js-xdr-1.3.0.tgz",
      "integrity": "sha512-fjLTm2uBtFvWsE3l2J14VjTuuB8vJfeTtYuNS7LiLHDWIX2kt0l1pqq9334F8kODUkKPMuULjEcbGbkFFwhx5g==",
      "dependencies": {
        "lodash": "^4.17.5",
        "long": "^2.2.3"
      }
    },
    "node_modules/lodash": {
      "version": "4.17.21",
      "resolved": "https://registry.npmjs.org/lodash/-/lodash-4.17.21.tgz",
      "integrity": "sha512-v2kDEe57lecTulaDIuNTPy3Ry4gLGJ6Z1O3vE1krgXZNrsQ+LFTGHVxVjcXPs17LhbZVGedAJv8XZ1tvj5FvSg=="
    },
    "node_modules/long": {
      "version": "2.4.0",
      "resolved": "https://registry.npmjs.org/long/-/long-2.4.0.tgz",
      "integrity": "sha512-ijUtjmO/n2A5PaosNG9ZGDsQ3vxJg7ZW8vsY8Kp0f2yIZWhSJvjmegV7t+9RPQKxKrvj8yKGehhS+po14hPLGQ==",
      "engines": {
        "node": ">=0.6"
      }
    },
    "node_modules/node-gyp-build": {
      "version": "4.4.0",
      "resolved": "https://registry.npmjs.org/node-gyp-build/-/node-gyp-build-4.4.0.tgz",
      "integrity": "sha512-amJnQCcgtRVw9SvoebO3BKGESClrfXGCUTX9hSn1OuGQTQBOZmVd0Z0OlecpuRksKvbsUqALE8jls/ErClAPuQ==",
      "optional": true,
      "bin": {
        "node-gyp-build": "bin.js",
        "node-gyp-build-optional": "optional.js",
        "node-gyp-build-test": "build-test.js"
      }
    },
    "node_modules/randombytes": {
      "version": "2.1.0",
      "resolved": "https://registry.npmjs.org/randombytes/-/randombytes-2.1.0.tgz",
      "integrity": "sha512-vYl3iOX+4CKUWuxGi9Ukhie6fsqXqS9FE2Zaic4tNFD2N2QQaXOMFbuKK4QmDHC0JO6B1Zp41J0LpT0oR68amQ==",
      "dependencies": {
        "safe-buffer": "^5.1.0"
      }
    },
    "node_modules/safe-buffer": {
      "version": "5.2.1",
      "resolved": "https://registry.npmjs.org/safe-buffer/-/safe-buffer-5.2.1.tgz",
      "integrity": "sha512-rp3So07KcdmmKbGvgaNxQSJr7bGVSVk5S9Eq1F+ppbRo70+YeaDxkw5Dd8NPN+GD6bjnYm2VuPuCXmpuYvmCXQ==",
      "funding": [
        {
          "type": "github",
          "url": "https://github.com/sponsors/feross"
        },
        {
          "type": "patreon",
          "url": "https://www.patreon.com/feross"
        },
        {
          "type": "consulting",
          "url": "https://feross.org/support"
        }
      ]
    },
    "node_modules/sha.js": {
      "version": "2.4.11",
      "resolved": "https://registry.npmjs.org/sha.js/-/sha.js-2.4.11.tgz",
      "integrity": "sha512-QMEp5B7cftE7APOjk5Y6xgrbWu+WkLVQwk8JNjZ8nKRciZaByEW6MubieAiToS7+dwvrjGhH8jRXz3MVd0AYqQ==",
      "dependencies": {
        "inherits": "^2.0.1",
        "safe-buffer": "^5.0.1"
      },
      "bin": {
        "sha.js": "bin.js"
      }
    },
    "node_modules/sodium-native": {
      "version": "3.3.0",
      "resolved": "https://registry.npmjs.org/sodium-native/-/sodium-native-3.3.0.tgz",
      "integrity": "sha512-rg6lCDM/qa3p07YGqaVD+ciAbUqm6SoO4xmlcfkbU5r1zIGrguXztLiEtaLYTV5U6k8KSIUFmnU3yQUSKmf6DA==",
      "hasInstallScript": true,
      "optional": true,
      "dependencies": {
        "node-gyp-build": "^4.3.0"
      }
    },
    "node_modules/stellar-base": {
      "version": "8.0.1",
      "resolved": "https://registry.npmjs.org/stellar-base/-/stellar-base-8.0.1.tgz",
      "integrity": "sha512-IB7GxyAF59jHmY0jyX5vxzD5k7AJLTGSelRIcjJZwsENsqa7tNWEh9HpnmYGvCgdeG2D+MxaeR5fouEvElaH8A==",
      "dependencies": {
        "base32.js": "^0.1.0",
        "bignumber.js": "^4.0.0",
        "crc": "^3.5.0",
        "js-xdr": "^1.1.3",
        "lodash": "^4.17.21",
        "sha.js": "^2.3.6",
        "tweetnacl": "^1.0.3"
      },
      "optionalDependencies": {
        "sodium-native": "^3.3.0"
      }
    },
    "node_modules/stellar-sdk": {
      "version": "10.1.2",
      "resolved": "https://registry.npmjs.org/stellar-sdk/-/stellar-sdk-10.1.2.tgz",
      "integrity": "sha512-JfnyeKZp0X+0k3juGlKvzZDvGLvMIsIhkIdzoTozQaBjfy+7cpR/R/MH6do/5LrJuLXRodDRwjZs8UWtaKBCIQ==",
      "dependencies": {
        "@types/eventsource": "^1.1.2",
        "@types/node": ">= 8",
        "@types/randombytes": "^2.0.0",
        "@types/urijs": "^1.19.6",
        "axios": "0.25.0",
        "bignumber.js": "^4.0.0",
        "detect-node": "^2.0.4",
        "es6-promise": "^4.2.4",
        "eventsource": "^1.1.1",
        "lodash": "^4.17.21",
        "randombytes": "^2.1.0",
        "stellar-base": "^8.0.1",
        "toml": "^2.3.0",
        "tslib": "^1.10.0",
        "urijs": "^1.19.1",
        "utility-types": "^3.7.0"
      }
    },
    "node_modules/toml": {
      "version": "2.3.6",
      "resolved": "https://registry.npmjs.org/toml/-/toml-2.3.6.tgz",
      "integrity": "sha512-gVweAectJU3ebq//Ferr2JUY4WKSDe5N+z0FvjDncLGyHmIDoxgY/2Ie4qfEIDm4IS7OA6Rmdm7pdEEdMcV/xQ=="
    },
    "node_modules/tslib": {
      "version": "1.14.1",
      "resolved": "https://registry.npmjs.org/tslib/-/tslib-1.14.1.tgz",
      "integrity": "sha512-Xni35NKzjgMrwevysHTCArtLDpPvye8zV/0E4EyYn43P7/7qvQwPh9BGkHewbMulVntbigmcT7rdX3BNo9wRJg=="
    },
    "node_modules/tweetnacl": {
      "version": "1.0.3",
      "resolved": "https://registry.npmjs.org/tweetnacl/-/tweetnacl-1.0.3.tgz",
      "integrity": "sha512-6rt+RN7aOi1nGMyC4Xa5DdYiukl2UWCbcJft7YhxReBGQD7OAM8Pbxw6YMo4r2diNEA8FEmu32YOn9rhaiE5yw=="
    },
    "node_modules/urijs": {
      "version": "1.19.11",
      "resolved": "https://registry.npmjs.org/urijs/-/urijs-1.19.11.tgz",
      "integrity": "sha512-HXgFDgDommxn5/bIv0cnQZsPhHDA90NPHD6+c/v21U5+Sx5hoP8+dP9IZXBU1gIfvdRfhG8cel9QNPeionfcCQ=="
    },
    "node_modules/utility-types": {
      "version": "3.10.0",
      "resolved": "https://registry.npmjs.org/utility-types/-/utility-types-3.10.0.tgz",
      "integrity": "sha512-O11mqxmi7wMKCo6HKFt5AhO4BwY3VV68YU07tgxfz8zJTIxr4BpsezN49Ffwy9j3ZpwwJp4fkRwjRzq3uWE6Rg==",
      "engines": {
        "node": ">= 4"
      }
    }
  },
  "dependencies": {
    "@types/eventsource": {
      "version": "1.1.8",
      "resolved": "https://registry.npmjs.org/@types/eventsource/-/eventsource-1.1.8.tgz",
      "integrity": "sha512-fJQNt9LijJCZwYvM6O30uLzdpAK9zs52Uc9iUW9M2Zsg0HQM6DLf6QysjC/wuFX+0798B8AppVMvgdO6IftPKQ=="
    },
    "@types/node": {
      "version": "17.0.41",
      "resolved": "https://registry.npmjs.org/@types/node/-/node-17.0.41.tgz",
      "integrity": "sha512-xA6drNNeqb5YyV5fO3OAEsnXLfO7uF0whiOfPTz5AeDo8KeZFmODKnvwPymMNO8qE/an8pVY/O50tig2SQCrGw=="
    },
    "@types/randombytes": {
      "version": "2.0.0",
      "resolved": "https://registry.npmjs.org/@types/randombytes/-/randombytes-2.0.0.tgz",
      "integrity": "sha512-bz8PhAVlwN72vqefzxa14DKNT8jK/mV66CSjwdVQM/k3Th3EPKfUtdMniwZgMedQTFuywAsfjnZsg+pEnltaMA==",
      "requires": {
        "@types/node": "*"
      }
    },
    "@types/urijs": {
      "version": "1.19.19",
      "resolved": "https://registry.npmjs.org/@types/urijs/-/urijs-1.19.19.tgz",
      "integrity": "sha512-FDJNkyhmKLw7uEvTxx5tSXfPeQpO0iy73Ry+PmYZJvQy0QIWX8a7kJ4kLWRf+EbTPJEPDSgPXHaM7pzr5lmvCg=="
    },
    "axios": {
      "version": "0.25.0",
      "resolved": "https://registry.npmjs.org/axios/-/axios-0.25.0.tgz",
      "integrity": "sha512-cD8FOb0tRH3uuEe6+evtAbgJtfxr7ly3fQjYcMcuPlgkwVS9xboaVIpcDV+cYQe+yGykgwZCs1pzjntcGa6l5g==",
      "requires": {
        "follow-redirects": "^1.14.7"
      }
    },
    "base32.js": {
      "version": "0.1.0",
      "resolved": "https://registry.npmjs.org/base32.js/-/base32.js-0.1.0.tgz",
      "integrity": "sha512-n3TkB02ixgBOhTvANakDb4xaMXnYUVkNoRFJjQflcqMQhyEKxEHdj3E6N8t8sUQ0mjH/3/JxzlXuz3ul/J90pQ=="
    },
    "base64-js": {
      "version": "1.5.1",
      "resolved": "https://registry.npmjs.org/base64-js/-/base64-js-1.5.1.tgz",
      "integrity": "sha512-AKpaYlHn8t4SVbOHCy+b5+KKgvR4vrsD8vbvrbiQJps7fKDTkjkDry6ji0rUJjC0kzbNePLwzxq8iypo41qeWA=="
    },
    "bignumber.js": {
      "version": "4.1.0",
      "resolved": "https://registry.npmjs.org/bignumber.js/-/bignumber.js-4.1.0.tgz",
      "integrity": "sha512-eJzYkFYy9L4JzXsbymsFn3p54D+llV27oTQ+ziJG7WFRheJcNZilgVXMG0LoZtlQSKBsJdWtLFqOD0u+U0jZKA=="
    },
    "crc": {
      "version": "3.8.0",
      "resolved": "https://registry.npmjs.org/crc/-/crc-3.8.0.tgz",
      "integrity": "sha512-iX3mfgcTMIq3ZKLIsVFAbv7+Mc10kxabAGQb8HvjA1o3T1PIYprbakQ65d3I+2HGHt6nSKkM9PYjgoJO2KcFBQ==",
      "requires": {
        "buffer": "^5.1.0"
      },
      "dependencies": {
        "buffer": {
          "version": "5.7.1",
          "resolved": "https://registry.npmjs.org/buffer/-/buffer-5.7.1.tgz",
          "integrity": "sha512-EHcyIPBQ4BSGlvjB16k5KgAJ27CIsHY/2JBmCRReo48y9rQ3MaUzWX3KVlBa4U7MyX02HdVj0K7C3WaB3ju7FQ==",
          "requires": {
            "base64-js": "^1.3.1",
            "ieee754": "^1.1.13"
          }
        }
      }
    },
    "detect-node": {
      "version": "2.1.0",
      "resolved": "https://registry.npmjs.org/detect-node/-/detect-node-2.1.0.tgz",
      "integrity": "sha512-T0NIuQpnTvFDATNuHN5roPwSBG83rFsuO+MXXH9/3N1eFbn4wcPjttvjMLEPWJ0RGUYgQE7cGgS3tNxbqCGM7g=="
    },
    "es6-promise": {
      "version": "4.2.8",
      "resolved": "https://registry.npmjs.org/es6-promise/-/es6-promise-4.2.8.tgz",
      "integrity": "sha512-HJDGx5daxeIvxdBxvG2cb9g4tEvwIk3i8+nhX0yGrYmZUzbkdg8QbDevheDB8gd0//uPj4c1EQua8Q+MViT0/w=="
    },
    "esbuild": {
      "version": "0.14.43",
      "resolved": "https://registry.npmjs.org/esbuild/-/esbuild-0.14.43.tgz",
      "integrity": "sha512-Uf94+kQmy/5jsFwKWiQB4hfo/RkM9Dh7b79p8yqd1tshULdr25G2szLz631NoH3s2ujnKEKVD16RmOxvCNKRFA==",
      "dev": true,
      "requires": {
        "esbuild-android-64": "0.14.43",
        "esbuild-android-arm64": "0.14.43",
        "esbuild-darwin-64": "0.14.43",
        "esbuild-darwin-arm64": "0.14.43",
        "esbuild-freebsd-64": "0.14.43",
        "esbuild-freebsd-arm64": "0.14.43",
        "esbuild-linux-32": "0.14.43",
        "esbuild-linux-64": "0.14.43",
        "esbuild-linux-arm": "0.14.43",
        "esbuild-linux-arm64": "0.14.43",
        "esbuild-linux-mips64le": "0.14.43",
        "esbuild-linux-ppc64le": "0.14.43",
        "esbuild-linux-riscv64": "0.14.43",
        "esbuild-linux-s390x": "0.14.43",
        "esbuild-netbsd-64": "0.14.43",
        "esbuild-openbsd-64": "0.14.43",
        "esbuild-sunos-64": "0.14.43",
        "esbuild-windows-32": "0.14.43",
        "esbuild-windows-64": "0.14.43",
        "esbuild-windows-arm64": "0.14.43"
      }
    },
    "esbuild-android-64": {
      "version": "0.14.43",
      "resolved": "https://registry.npmjs.org/esbuild-android-64/-/esbuild-android-64-0.14.43.tgz",
      "integrity": "sha512-kqFXAS72K6cNrB6RiM7YJ5lNvmWRDSlpi7ZuRZ1hu1S3w0zlwcoCxWAyM23LQUyZSs1PbjHgdbbfYAN8IGh6xg==",
      "dev": true,
      "optional": true
    },
    "esbuild-android-arm64": {
      "version": "0.14.43",
      "resolved": "https://registry.npmjs.org/esbuild-android-arm64/-/esbuild-android-arm64-0.14.43.tgz",
      "integrity": "sha512-bKS2BBFh+7XZY9rpjiHGRNA7LvWYbZWP87pLehggTG7tTaCDvj8qQGOU/OZSjCSKDYbgY7Q+oDw8RlYQ2Jt2BA==",
      "dev": true,
      "optional": true
    },
    "esbuild-darwin-64": {
      "version": "0.14.43",
      "resolved": "https://registry.npmjs.org/esbuild-darwin-64/-/esbuild-darwin-64-0.14.43.tgz",
      "integrity": "sha512-/3PSilx011ttoieRGkSZ0XV8zjBf2C9enV4ScMMbCT4dpx0mFhMOpFnCHkOK0pWGB8LklykFyHrWk2z6DENVUg==",
      "dev": true,
      "optional": true
    },
    "esbuild-darwin-arm64": {
      "version": "0.14.43",
      "resolved": "https://registry.npmjs.org/esbuild-darwin-arm64/-/esbuild-darwin-arm64-0.14.43.tgz",
      "integrity": "sha512-1HyFUKs8DMCBOvw1Qxpr5Vv/ThNcVIFb5xgXWK3pyT40WPvgYIiRTwJCvNs4l8i5qWF8/CK5bQxJVDjQvtv0Yw==",
      "dev": true,
      "optional": true
    },
    "esbuild-freebsd-64": {
      "version": "0.14.43",
      "resolved": "https://registry.npmjs.org/esbuild-freebsd-64/-/esbuild-freebsd-64-0.14.43.tgz",
      "integrity": "sha512-FNWc05TPHYgaXjbPZO5/rJKSBslfG6BeMSs8GhwnqAKP56eEhvmzwnIz1QcC9cRVyO+IKqWNfmHFkCa1WJTULA==",
      "dev": true,
      "optional": true
    },
    "esbuild-freebsd-arm64": {
      "version": "0.14.43",
      "resolved": "https://registry.npmjs.org/esbuild-freebsd-arm64/-/esbuild-freebsd-arm64-0.14.43.tgz",
      "integrity": "sha512-amrYopclz3VohqisOPR6hA3GOWA3LZC1WDLnp21RhNmoERmJ/vLnOpnrG2P/Zao+/erKTCUqmrCIPVtj58DRoA==",
      "dev": true,
      "optional": true
    },
    "esbuild-linux-32": {
      "version": "0.14.43",
      "resolved": "https://registry.npmjs.org/esbuild-linux-32/-/esbuild-linux-32-0.14.43.tgz",
      "integrity": "sha512-KoxoEra+9O3AKVvgDFvDkiuddCds6q71owSQEYwjtqRV7RwbPzKxJa6+uyzUulHcyGVq0g15K0oKG5CFBcvYDw==",
      "dev": true,
      "optional": true
    },
    "esbuild-linux-64": {
      "version": "0.14.43",
      "resolved": "https://registry.npmjs.org/esbuild-linux-64/-/esbuild-linux-64-0.14.43.tgz",
      "integrity": "sha512-EwINwGMyiJMgBby5/SbMqKcUhS5AYAZ2CpEBzSowsJPNBJEdhkCTtEjk757TN/wxgbu3QklqDM6KghY660QCUw==",
      "dev": true,
      "optional": true
    },
    "esbuild-linux-arm": {
      "version": "0.14.43",
      "resolved": "https://registry.npmjs.org/esbuild-linux-arm/-/esbuild-linux-arm-0.14.43.tgz",
      "integrity": "sha512-e6YzQUoDxxtyamuF12eVzzRC7bbEFSZohJ6igQB9tBqnNmIQY3fI6Cns3z2wxtbZ3f2o6idkD2fQnlvs2902Dg==",
      "dev": true,
      "optional": true
    },
    "esbuild-linux-arm64": {
      "version": "0.14.43",
      "resolved": "https://registry.npmjs.org/esbuild-linux-arm64/-/esbuild-linux-arm64-0.14.43.tgz",
      "integrity": "sha512-UlSpjMWllAc70zYbHxWuDS3FJytyuR/gHJYBr8BICcTNb/TSOYVBg6U7b3jZ3mILTrgzwJUHwhEwK18FZDouUQ==",
      "dev": true,
      "optional": true
    },
    "esbuild-linux-mips64le": {
      "version": "0.14.43",
      "resolved": "https://registry.npmjs.org/esbuild-linux-mips64le/-/esbuild-linux-mips64le-0.14.43.tgz",
      "integrity": "sha512-f+v8cInPEL1/SDP//CfSYzcDNgE4CY3xgDV81DWm3KAPWzhvxARrKxB1Pstf5mB56yAslJDxu7ryBUPX207EZA==",
      "dev": true,
      "optional": true
    },
    "esbuild-linux-ppc64le": {
      "version": "0.14.43",
      "resolved": "https://registry.npmjs.org/esbuild-linux-ppc64le/-/esbuild-linux-ppc64le-0.14.43.tgz",
      "integrity": "sha512-5wZYMDGAL/K2pqkdIsW+I4IR41kyfHr/QshJcNpUfK3RjB3VQcPWOaZmc+74rm4ZjVirYrtz+jWw0SgxtxRanA==",
      "dev": true,
      "optional": true
    },
    "esbuild-linux-riscv64": {
      "version": "0.14.43",
      "resolved": "https://registry.npmjs.org/esbuild-linux-riscv64/-/esbuild-linux-riscv64-0.14.43.tgz",
      "integrity": "sha512-lYcAOUxp85hC7lSjycJUVSmj4/9oEfSyXjb/ua9bNl8afonaduuqtw7hvKMoKuYnVwOCDw4RSfKpcnIRDWq+Bw==",
      "dev": true,
      "optional": true
    },
    "esbuild-linux-s390x": {
      "version": "0.14.43",
      "resolved": "https://registry.npmjs.org/esbuild-linux-s390x/-/esbuild-linux-s390x-0.14.43.tgz",
      "integrity": "sha512-27e43ZhHvhFE4nM7HqtUbMRu37I/4eNSUbb8FGZWszV+uLzMIsHDwLoBiJmw7G9N+hrehNPeQ4F5Ujad0DrUKQ==",
      "dev": true,
      "optional": true
    },
    "esbuild-netbsd-64": {
      "version": "0.14.43",
      "resolved": "https://registry.npmjs.org/esbuild-netbsd-64/-/esbuild-netbsd-64-0.14.43.tgz",
      "integrity": "sha512-2mH4QF6hHBn5zzAfxEI/2eBC0mspVsZ6UVo821LpAJKMvLJPBk3XJO5xwg7paDqSqpl7p6IRrAenW999AEfJhQ==",
      "dev": true,
      "optional": true
    },
    "esbuild-openbsd-64": {
      "version": "0.14.43",
      "resolved": "https://registry.npmjs.org/esbuild-openbsd-64/-/esbuild-openbsd-64-0.14.43.tgz",
      "integrity": "sha512-ZhQpiZjvqCqO8jKdGp9+8k9E/EHSA+zIWOg+grwZasI9RoblqJ1QiZqqi7jfd6ZrrG1UFBNGe4m0NFxCFbMVbg==",
      "dev": true,
      "optional": true
    },
    "esbuild-sunos-64": {
      "version": "0.14.43",
      "resolved": "https://registry.npmjs.org/esbuild-sunos-64/-/esbuild-sunos-64-0.14.43.tgz",
      "integrity": "sha512-DgxSi9DaHReL9gYuul2rrQCAapgnCJkh3LSHPKsY26zytYppG0HgkgVF80zjIlvEsUbGBP/GHQzBtrezj/Zq1Q==",
      "dev": true,
      "optional": true
    },
    "esbuild-windows-32": {
      "version": "0.14.43",
      "resolved": "https://registry.npmjs.org/esbuild-windows-32/-/esbuild-windows-32-0.14.43.tgz",
      "integrity": "sha512-Ih3+2O5oExiqm0mY6YYE5dR0o8+AspccQ3vIAtRodwFvhuyGLjb0Hbmzun/F3Lw19nuhPMu3sW2fqIJ5xBxByw==",
      "dev": true,
      "optional": true
    },
    "esbuild-windows-64": {
      "version": "0.14.43",
      "resolved": "https://registry.npmjs.org/esbuild-windows-64/-/esbuild-windows-64-0.14.43.tgz",
      "integrity": "sha512-8NsuNfI8xwFuJbrCuI+aBqNTYkrWErejFO5aYM+yHqyHuL8mmepLS9EPzAzk8rvfaJrhN0+RvKWAcymViHOKEw==",
      "dev": true,
      "optional": true
    },
    "esbuild-windows-arm64": {
      "version": "0.14.43",
      "resolved": "https://registry.npmjs.org/esbuild-windows-arm64/-/esbuild-windows-arm64-0.14.43.tgz",
      "integrity": "sha512-7ZlD7bo++kVRblJEoG+cepljkfP8bfuTPz5fIXzptwnPaFwGS6ahvfoYzY7WCf5v/1nX2X02HDraVItTgbHnKw==",
      "dev": true,
      "optional": true
    },
    "eventsource": {
      "version": "1.1.2",
      "resolved": "https://registry.npmjs.org/eventsource/-/eventsource-1.1.2.tgz",
      "integrity": "sha512-xAH3zWhgO2/3KIniEKYPr8plNSzlGINOUqYj0m0u7AB81iRw8b/3E73W6AuU+6klLbaSFmZnaETQ2lXPfAydrA=="
    },
    "follow-redirects": {
      "version": "1.15.1",
      "resolved": "https://registry.npmjs.org/follow-redirects/-/follow-redirects-1.15.1.tgz",
      "integrity": "sha512-yLAMQs+k0b2m7cVxpS1VKJVvoz7SS9Td1zss3XRwXj+ZDH00RJgnuLx7E44wx02kQLrdM3aOOy+FpzS7+8OizA=="
    },
    "ieee754": {
      "version": "1.2.1",
      "resolved": "https://registry.npmjs.org/ieee754/-/ieee754-1.2.1.tgz",
      "integrity": "sha512-dcyqhDvX1C46lXZcVqCpK+FtMRQVdIMN6/Df5js2zouUsqG7I6sFxitIC+7KYK29KdXOLHdu9zL4sFnoVQnqaA=="
    },
    "inherits": {
      "version": "2.0.4",
      "resolved": "https://registry.npmjs.org/inherits/-/inherits-2.0.4.tgz",
      "integrity": "sha512-k/vGaX4/Yla3WzyMCvTQOXYeIHvqOKtnqBduzTHpzpQZzAskKMhZ2K+EnBiSM9zGSoIFeMpXKxa4dYeZIQqewQ=="
    },
    "js-xdr": {
      "version": "1.3.0",
      "resolved": "https://registry.npmjs.org/js-xdr/-/js-xdr-1.3.0.tgz",
      "integrity": "sha512-fjLTm2uBtFvWsE3l2J14VjTuuB8vJfeTtYuNS7LiLHDWIX2kt0l1pqq9334F8kODUkKPMuULjEcbGbkFFwhx5g==",
      "requires": {
        "lodash": "^4.17.5",
        "long": "^2.2.3"
      }
    },
    "lodash": {
      "version": "4.17.21",
      "resolved": "https://registry.npmjs.org/lodash/-/lodash-4.17.21.tgz",
      "integrity": "sha512-v2kDEe57lecTulaDIuNTPy3Ry4gLGJ6Z1O3vE1krgXZNrsQ+LFTGHVxVjcXPs17LhbZVGedAJv8XZ1tvj5FvSg=="
    },
    "long": {
      "version": "2.4.0",
      "resolved": "https://registry.npmjs.org/long/-/long-2.4.0.tgz",
      "integrity": "sha512-ijUtjmO/n2A5PaosNG9ZGDsQ3vxJg7ZW8vsY8Kp0f2yIZWhSJvjmegV7t+9RPQKxKrvj8yKGehhS+po14hPLGQ=="
    },
    "node-gyp-build": {
      "version": "4.4.0",
      "resolved": "https://registry.npmjs.org/node-gyp-build/-/node-gyp-build-4.4.0.tgz",
      "integrity": "sha512-amJnQCcgtRVw9SvoebO3BKGESClrfXGCUTX9hSn1OuGQTQBOZmVd0Z0OlecpuRksKvbsUqALE8jls/ErClAPuQ==",
      "optional": true
    },
    "randombytes": {
      "version": "2.1.0",
      "resolved": "https://registry.npmjs.org/randombytes/-/randombytes-2.1.0.tgz",
      "integrity": "sha512-vYl3iOX+4CKUWuxGi9Ukhie6fsqXqS9FE2Zaic4tNFD2N2QQaXOMFbuKK4QmDHC0JO6B1Zp41J0LpT0oR68amQ==",
      "requires": {
        "safe-buffer": "^5.1.0"
      }
    },
    "safe-buffer": {
      "version": "5.2.1",
      "resolved": "https://registry.npmjs.org/safe-buffer/-/safe-buffer-5.2.1.tgz",
      "integrity": "sha512-rp3So07KcdmmKbGvgaNxQSJr7bGVSVk5S9Eq1F+ppbRo70+YeaDxkw5Dd8NPN+GD6bjnYm2VuPuCXmpuYvmCXQ=="
    },
    "sha.js": {
      "version": "2.4.11",
      "resolved": "https://registry.npmjs.org/sha.js/-/sha.js-2.4.11.tgz",
      "integrity": "sha512-QMEp5B7cftE7APOjk5Y6xgrbWu+WkLVQwk8JNjZ8nKRciZaByEW6MubieAiToS7+dwvrjGhH8jRXz3MVd0AYqQ==",
      "requires": {
        "inherits": "^2.0.1",
        "safe-buffer": "^5.0.1"
      }
    },
    "sodium-native": {
      "version": "3.3.0",
      "resolved": "https://registry.npmjs.org/sodium-native/-/sodium-native-3.3.0.tgz",
      "integrity": "sha512-rg6lCDM/qa3p07YGqaVD+ciAbUqm6SoO4xmlcfkbU5r1zIGrguXztLiEtaLYTV5U6k8KSIUFmnU3yQUSKmf6DA==",
      "optional": true,
      "requires": {
        "node-gyp-build": "^4.3.0"
      }
    },
    "stellar-base": {
      "version": "8.0.1",
      "resolved": "https://registry.npmjs.org/stellar-base/-/stellar-base-8.0.1.tgz",
      "integrity": "sha512-IB7GxyAF59jHmY0jyX5vxzD5k7AJLTGSelRIcjJZwsENsqa7tNWEh9HpnmYGvCgdeG2D+MxaeR5fouEvElaH8A==",
      "requires": {
        "base32.js": "^0.1.0",
        "bignumber.js": "^4.0.0",
        "crc": "^3.5.0",
        "js-xdr": "^1.1.3",
        "lodash": "^4.17.21",
        "sha.js": "^2.3.6",
        "sodium-native": "^3.3.0",
        "tweetnacl": "^1.0.3"
      }
    },
    "stellar-sdk": {
      "version": "10.1.2",
      "resolved": "https://registry.npmjs.org/stellar-sdk/-/stellar-sdk-10.1.2.tgz",
      "integrity": "sha512-JfnyeKZp0X+0k3juGlKvzZDvGLvMIsIhkIdzoTozQaBjfy+7cpR/R/MH6do/5LrJuLXRodDRwjZs8UWtaKBCIQ==",
      "requires": {
        "@types/eventsource": "^1.1.2",
        "@types/node": ">= 8",
        "@types/randombytes": "^2.0.0",
        "@types/urijs": "^1.19.6",
        "axios": "0.25.0",
        "bignumber.js": "^4.0.0",
        "detect-node": "^2.0.4",
        "es6-promise": "^4.2.4",
        "eventsource": "^1.1.1",
        "lodash": "^4.17.21",
        "randombytes": "^2.1.0",
        "stellar-base": "^8.0.1",
        "toml": "^2.3.0",
        "tslib": "^1.10.0",
        "urijs": "^1.19.1",
        "utility-types": "^3.7.0"
      }
    },
    "toml": {
      "version": "2.3.6",
      "resolved": "https://registry.npmjs.org/toml/-/toml-2.3.6.tgz",
      "integrity": "sha512-gVweAectJU3ebq//Ferr2JUY4WKSDe5N+z0FvjDncLGyHmIDoxgY/2Ie4qfEIDm4IS7OA6Rmdm7pdEEdMcV/xQ=="
    },
    "tslib": {
      "version": "1.14.1",
      "resolved": "https://registry.npmjs.org/tslib/-/tslib-1.14.1.tgz",
      "integrity": "sha512-Xni35NKzjgMrwevysHTCArtLDpPvye8zV/0E4EyYn43P7/7qvQwPh9BGkHewbMulVntbigmcT7rdX3BNo9wRJg=="
    },
    "tweetnacl": {
      "version": "1.0.3",
      "resolved": "https://registry.npmjs.org/tweetnacl/-/tweetnacl-1.0.3.tgz",
      "integrity": "sha512-6rt+RN7aOi1nGMyC4Xa5DdYiukl2UWCbcJft7YhxReBGQD7OAM8Pbxw6YMo4r2diNEA8FEmu32YOn9rhaiE5yw=="
    },
    "urijs": {
      "version": "1.19.11",
      "resolved": "https://registry.npmjs.org/urijs/-/urijs-1.19.11.tgz",
      "integrity": "sha512-HXgFDgDommxn5/bIv0cnQZsPhHDA90NPHD6+c/v21U5+Sx5hoP8+dP9IZXBU1gIfvdRfhG8cel9QNPeionfcCQ=="
    },
    "utility-types": {
      "version": "3.10.0",
      "resolved": "https://registry.npmjs.org/utility-types/-/utility-types-3.10.0.tgz",
      "integrity": "sha512-O11mqxmi7wMKCo6HKFt5AhO4BwY3VV68YU07tgxfz8zJTIxr4BpsezN49Ffwy9j3ZpwwJp4fkRwjRzq3uWE6Rg=="
    }
  }
}
